
Microsoft Visual Studio Solution File, Format Version 12.00
# Visual Studio 2013
VisualStudioVersion = 12.0.21005.1
MinimumVisualStudioVersion = 10.0.40219.1
Project("{FAE04EC0-301F-11D3-BF4B-00C04F79EFBC}") = "bai1", "bai1\bai1.csproj", "{C546AF03-12C2-4AF8-9B18-DF8132F6BF6C}"
EndProject
Project("{FAE04EC0-301F-11D3-BF4B-00C04F79EFBC}") = "Bai2", "Bai2\Bai2.csproj", "{5480BF41-265F-4841-BDE3-7C66F077D3B9}"
EndProject
Project("{FAE04EC0-301F-11D3-BF4B-00C04F79EFBC}") = "Bai3", "Bai3\Bai3.csproj", "{23F8A77C-8B76-41B6-B487-8EEBDE902C1C}"
EndProject
Global
	GlobalSection(SolutionConfigurationPlatforms) = preSolution
		Debug|Any CPU = Debug|Any CPU
		Release|Any CPU = Release|Any CPU
	EndGlobalSection
	GlobalSection(ProjectConfigurationPlatforms) = postSolution
		{C546AF03-12C2-4AF8-9B18-DF8132F6BF6C}.Debug|Any CPU.ActiveCfg = Debug|Any CPU
		{C546AF03-12C2-4AF8-9B18-DF8132F6BF6C}.Debug|Any CPU.Build.0 = Debug|Any CPU
		{C546AF03-12C2-4AF8-9B18-DF8132F6BF6C}.Release|Any CPU.ActiveCfg = Release|Any CPU
		{C546AF03-12C2-4AF8-9B18-DF8132F6BF6C}.Release|Any CPU.Build.0 = Release|Any CPU
		{5480BF41-265F-4841-BDE3-7C66F077D3B9}.Debug|Any CPU.ActiveCfg = Debug|Any CPU
		{5480BF41-265F-4841-BDE3-7C66F077D3B9}.Debug|Any CPU.Build.0 = Debug|Any CPU
		{5480BF41-265F-4841-BDE3-7C66F077D3B9}.Release|Any CPU.ActiveCfg = Release|Any CPU
		{5480BF41-265F-4841-BDE3-7C66F077D3B9}.Release|Any CPU.Build.0 = Release|Any CPU
		{23F8A77C-8B76-41B6-B487-8EEBDE902C1C}.Debug|Any CPU.ActiveCfg = Debug|Any CPU
		{23F8A77C-8B76-41B6-B487-8EEBDE902C1C}.Debug|Any CPU.Build.0 = Debug|Any CPU
		{23F8A77C-8B76-41B6-B487-8EEBDE902C1C}.Release|Any CPU.ActiveCfg = Release|Any CPU
		{23F8A77C-8B76-41B6-B487-8EEBDE902C1C}.Release|Any CPU.Build.0 = Release|Any CPU
	EndGlobalSection
	GlobalSection(SolutionProperties) = preSolution
		HideSolutionNode = FALSE
	EndGlobalSection
EndGlobal
